
Microsoft Visual Studio Solution File, Format Version 12.00
# Visual Studio 14
VisualStudioVersion = 14.0.24720.0
MinimumVisualStudioVersion = 10.0.40219.1
Project("{FAE04EC0-301F-11D3-BF4B-00C04F79EFBC}") = "Nutri.FeedingCalculation", "Nutri.FeedingCalculation\Nutri.FeedingCalculation.csproj", "{66FE29F5-A5C4-4EC8-B43E-17CFAE286BD0}"
EndProject
Project("{FAE04EC0-301F-11D3-BF4B-00C04F79EFBC}") = "Nutri.Framework", "Nutri.Framework\Nutri.Framework.csproj", "{B66E8C08-2DBE-4DAA-B93C-947E2308C9CB}"
EndProject
Project("{FAE04EC0-301F-11D3-BF4B-00C04F79EFBC}") = "Nutri.Utils", "Nutri.Utils\Nutri.Utils.csproj", "{0589C3E8-3025-41EB-8D8D-D39C8EED635F}"
EndProject
Project("{00D1A9C2-B5F0-4AF3-8072-F6C62B433612}") = "Nutri.Database", "Nutri.Database\Nutri.Database.sqlproj", "{4CC384E1-48E9-4353-B6B0-578F8B27CE2F}"
EndProject
Global
	GlobalSection(SolutionConfigurationPlatforms) = preSolution
		Debug|Any CPU = Debug|Any CPU
		Release|Any CPU = Release|Any CPU
	EndGlobalSection
	GlobalSection(ProjectConfigurationPlatforms) = postSolution
		{66FE29F5-A5C4-4EC8-B43E-17CFAE286BD0}.Debug|Any CPU.ActiveCfg = Debug|Any CPU
		{66FE29F5-A5C4-4EC8-B43E-17CFAE286BD0}.Debug|Any CPU.Build.0 = Debug|Any CPU
		{66FE29F5-A5C4-4EC8-B43E-17CFAE286BD0}.Release|Any CPU.ActiveCfg = Release|Any CPU
		{66FE29F5-A5C4-4EC8-B43E-17CFAE286BD0}.Release|Any CPU.Build.0 = Release|Any CPU
		{B66E8C08-2DBE-4DAA-B93C-947E2308C9CB}.Debug|Any CPU.ActiveCfg = Debug|Any CPU
		{B66E8C08-2DBE-4DAA-B93C-947E2308C9CB}.Debug|Any CPU.Build.0 = Debug|Any CPU
		{B66E8C08-2DBE-4DAA-B93C-947E2308C9CB}.Release|Any CPU.ActiveCfg = Release|Any CPU
		{B66E8C08-2DBE-4DAA-B93C-947E2308C9CB}.Release|Any CPU.Build.0 = Release|Any CPU
		{0589C3E8-3025-41EB-8D8D-D39C8EED635F}.Debug|Any CPU.ActiveCfg = Debug|Any CPU
		{0589C3E8-3025-41EB-8D8D-D39C8EED635F}.Debug|Any CPU.Build.0 = Debug|Any CPU
		{0589C3E8-3025-41EB-8D8D-D39C8EED635F}.Release|Any CPU.ActiveCfg = Release|Any CPU
		{0589C3E8-3025-41EB-8D8D-D39C8EED635F}.Release|Any CPU.Build.0 = Release|Any CPU
		{4CC384E1-48E9-4353-B6B0-578F8B27CE2F}.Debug|Any CPU.ActiveCfg = Debug|Any CPU
		{4CC384E1-48E9-4353-B6B0-578F8B27CE2F}.Debug|Any CPU.Build.0 = Debug|Any CPU
		{4CC384E1-48E9-4353-B6B0-578F8B27CE2F}.Debug|Any CPU.Deploy.0 = Debug|Any CPU
		{4CC384E1-48E9-4353-B6B0-578F8B27CE2F}.Release|Any CPU.ActiveCfg = Release|Any CPU
		{4CC384E1-48E9-4353-B6B0-578F8B27CE2F}.Release|Any CPU.Build.0 = Release|Any CPU
		{4CC384E1-48E9-4353-B6B0-578F8B27CE2F}.Release|Any CPU.Deploy.0 = Release|Any CPU
	EndGlobalSection
	GlobalSection(SolutionProperties) = preSolution
		HideSolutionNode = FALSE
	EndGlobalSection
EndGlobal
